<Solution>
  <Folder Name="/src/">
    <Project Path="src/TaskManagement.API/TaskManagement.API.csproj" />
    <Project Path="src/TaskManagement.Application/TaskManagement.Application.csproj" />
    <Project Path="src/TaskManagement.Domain/TaskManagement.Domain.csproj" />
    <Project Path="src/TaskManagement.Infrastructure/TaskManagement.Infrastructure.csproj" />
  </Folder>
  <Folder Name="/tests/">
    <Project Path="tests/TaskManagement.Application.Tests/TaskManagement.Application.Tests.csproj" />
    <Project Path="tests/TaskManagement.Domain.Tests/TaskManagement.Domain.Tests.csproj" />
  </Folder>
</Solution>
