<Solution>
  <Folder Name="/src/">
    <Project Path="src/Ordering.API/Ordering.API.csproj" />
    <Project Path="src/Ordering.Application/Ordering.Application.csproj" />
    <Project Path="src/Ordering.Domain/Ordering.Domain.csproj" />
    <Project Path="src/Ordering.Infrastructure/Ordering.Infrastructure.csproj" />
  </Folder>
</Solution>
